
Microsoft Visual Studio Solution File, Format Version 12.00
# Visual Studio Version 17
VisualStudioVersion = 17.4.33213.308
MinimumVisualStudioVersion = 10.0.40219.1
Project("{9A19103F-16F7-4668-BE54-9A1E7A4F7556}") = "GraphAppOnlyTutorial", "GraphAppOnlyTutorial.csproj", "{C2C05150-0624-4B1E-9513-A26F9DEAEE5E}"
EndProject
Global
	GlobalSection(SolutionConfigurationPlatforms) = preSolution
		Debug|Any CPU = Debug|Any CPU
		Release|Any CPU = Release|Any CPU
	EndGlobalSection
	GlobalSection(ProjectConfigurationPlatforms) = postSolution
		{C2C05150-0624-4B1E-9513-A26F9DEAEE5E}.Debug|Any CPU.ActiveCfg = Debug|Any CPU
		{C2C05150-0624-4B1E-9513-A26F9DEAEE5E}.Debug|Any CPU.Build.0 = Debug|Any CPU
		{C2C05150-0624-4B1E-9513-A26F9DEAEE5E}.Release|Any CPU.ActiveCfg = Release|Any CPU
		{C2C05150-0624-4B1E-9513-A26F9DEAEE5E}.Release|Any CPU.Build.0 = Release|Any CPU
	EndGlobalSection
	GlobalSection(SolutionProperties) = preSolution
		HideSolutionNode = FALSE
	EndGlobalSection
	GlobalSection(ExtensibilityGlobals) = postSolution
		SolutionGuid = {84B6AD07-1C30-41E5-9E9E-67201929D338}
	EndGlobalSection
EndGlobal
